
Microsoft Visual Studio Solution File, Format Version 12.00
# Visual Studio Version 17
VisualStudioVersion = 17.13.35931.197
MinimumVisualStudioVersion = 10.0.40219.1
Project("{FAE04EC0-301F-11D3-BF4B-00C04F79EFBC}") = "Example", "OwnMediatR\Example.csproj", "{CFF92A2F-7894-49F7-AEC2-3E1C6EC05D0B}"
EndProject
Project("{FAE04EC0-301F-11D3-BF4B-00C04F79EFBC}") = "Examplev2", "OwnMediatRv2\Examplev2.csproj", "{3067392D-4282-4963-8368-33EA17EB91A2}"
EndProject
Project("{FAE04EC0-301F-11D3-BF4B-00C04F79EFBC}") = "SourceGenerator_MY", "SourceGenerator\SourceGenerator_MY.csproj", "{AA586D9D-4E7A-455A-BFDA-9FDB4E6055A6}"
EndProject
Project("{FAE04EC0-301F-11D3-BF4B-00C04F79EFBC}") = "Contracts", "Contracts\Contracts.csproj", "{4E26522E-7DC6-45D0-8418-1BCAB13DC01B}"
EndProject
Project("{FAE04EC0-301F-11D3-BF4B-00C04F79EFBC}") = "OwnMediatR.Lib", "OwnMediatR.Lib\OwnMediatR.Lib.csproj", "{06094431-6C9A-401E-B94A-7632994D9D1A}"
EndProject
Project("{FAE04EC0-301F-11D3-BF4B-00C04F79EFBC}") = "Benchmark", "Benchmark\Benchmark.csproj", "{E6D50DA5-95AA-4694-AEC3-69EE9F85AD5A}"
EndProject
Project("{FAE04EC0-301F-11D3-BF4B-00C04F79EFBC}") = "Example.CRTP", "Example.CRTP\Example.CRTP.csproj", "{2584A636-76AF-41C4-B79F-4545621A3097}"
EndProject
Project("{FAE04EC0-301F-11D3-BF4B-00C04F79EFBC}") = "OwnMediatR.ForSourceGen.Lib", "OwnMediatR.ForSourceGen.Lib\OwnMediatR.ForSourceGen.Lib.csproj", "{C35A5613-682E-41DA-80AC-3019E3C1E321}"
EndProject
Global
	GlobalSection(SolutionConfigurationPlatforms) = preSolution
		Debug|Any CPU = Debug|Any CPU
		Release|Any CPU = Release|Any CPU
	EndGlobalSection
	GlobalSection(ProjectConfigurationPlatforms) = postSolution
		{CFF92A2F-7894-49F7-AEC2-3E1C6EC05D0B}.Debug|Any CPU.ActiveCfg = Debug|Any CPU
		{CFF92A2F-7894-49F7-AEC2-3E1C6EC05D0B}.Debug|Any CPU.Build.0 = Debug|Any CPU
		{CFF92A2F-7894-49F7-AEC2-3E1C6EC05D0B}.Release|Any CPU.ActiveCfg = Release|Any CPU
		{CFF92A2F-7894-49F7-AEC2-3E1C6EC05D0B}.Release|Any CPU.Build.0 = Release|Any CPU
		{3067392D-4282-4963-8368-33EA17EB91A2}.Debug|Any CPU.ActiveCfg = Debug|Any CPU
		{3067392D-4282-4963-8368-33EA17EB91A2}.Debug|Any CPU.Build.0 = Debug|Any CPU
		{3067392D-4282-4963-8368-33EA17EB91A2}.Release|Any CPU.ActiveCfg = Release|Any CPU
		{3067392D-4282-4963-8368-33EA17EB91A2}.Release|Any CPU.Build.0 = Release|Any CPU
		{AA586D9D-4E7A-455A-BFDA-9FDB4E6055A6}.Debug|Any CPU.ActiveCfg = Debug|Any CPU
		{AA586D9D-4E7A-455A-BFDA-9FDB4E6055A6}.Debug|Any CPU.Build.0 = Debug|Any CPU
		{AA586D9D-4E7A-455A-BFDA-9FDB4E6055A6}.Release|Any CPU.ActiveCfg = Release|Any CPU
		{AA586D9D-4E7A-455A-BFDA-9FDB4E6055A6}.Release|Any CPU.Build.0 = Release|Any CPU
		{4E26522E-7DC6-45D0-8418-1BCAB13DC01B}.Debug|Any CPU.ActiveCfg = Debug|Any CPU
		{4E26522E-7DC6-45D0-8418-1BCAB13DC01B}.Debug|Any CPU.Build.0 = Debug|Any CPU
		{4E26522E-7DC6-45D0-8418-1BCAB13DC01B}.Release|Any CPU.ActiveCfg = Release|Any CPU
		{4E26522E-7DC6-45D0-8418-1BCAB13DC01B}.Release|Any CPU.Build.0 = Release|Any CPU
		{06094431-6C9A-401E-B94A-7632994D9D1A}.Debug|Any CPU.ActiveCfg = Debug|Any CPU
		{06094431-6C9A-401E-B94A-7632994D9D1A}.Debug|Any CPU.Build.0 = Debug|Any CPU
		{06094431-6C9A-401E-B94A-7632994D9D1A}.Release|Any CPU.ActiveCfg = Release|Any CPU
		{06094431-6C9A-401E-B94A-7632994D9D1A}.Release|Any CPU.Build.0 = Release|Any CPU
		{E6D50DA5-95AA-4694-AEC3-69EE9F85AD5A}.Debug|Any CPU.ActiveCfg = Debug|Any CPU
		{E6D50DA5-95AA-4694-AEC3-69EE9F85AD5A}.Debug|Any CPU.Build.0 = Debug|Any CPU
		{E6D50DA5-95AA-4694-AEC3-69EE9F85AD5A}.Release|Any CPU.ActiveCfg = Release|Any CPU
		{E6D50DA5-95AA-4694-AEC3-69EE9F85AD5A}.Release|Any CPU.Build.0 = Release|Any CPU
		{2584A636-76AF-41C4-B79F-4545621A3097}.Debug|Any CPU.ActiveCfg = Debug|Any CPU
		{2584A636-76AF-41C4-B79F-4545621A3097}.Debug|Any CPU.Build.0 = Debug|Any CPU
		{2584A636-76AF-41C4-B79F-4545621A3097}.Release|Any CPU.ActiveCfg = Release|Any CPU
		{2584A636-76AF-41C4-B79F-4545621A3097}.Release|Any CPU.Build.0 = Release|Any CPU
		{C35A5613-682E-41DA-80AC-3019E3C1E321}.Debug|Any CPU.ActiveCfg = Debug|Any CPU
		{C35A5613-682E-41DA-80AC-3019E3C1E321}.Debug|Any CPU.Build.0 = Debug|Any CPU
		{C35A5613-682E-41DA-80AC-3019E3C1E321}.Release|Any CPU.ActiveCfg = Release|Any CPU
		{C35A5613-682E-41DA-80AC-3019E3C1E321}.Release|Any CPU.Build.0 = Release|Any CPU
	EndGlobalSection
	GlobalSection(SolutionProperties) = preSolution
		HideSolutionNode = FALSE
	EndGlobalSection
	GlobalSection(ExtensibilityGlobals) = postSolution
		SolutionGuid = {7EF15E77-FD0E-4ECF-83EE-62CE3B9B0D7E}
	EndGlobalSection
EndGlobal
